lockfileVersion: '9.0'

settings:
  autoInstallPeers: true
  excludeLinksFromLockfile: false

overrides:
  cookie: ^0.7.0
  esbuild: ^0.25

importers:

  .:
    devDependencies:
      '@sveltejs/adapter-static':
        specifier: ^3.0.8
        version: 3.0.8(@sveltejs/kit@2.20.3(@sveltejs/vite-plugin-svelte@3.1.2(svelte@4.2.19)(vite@5.4.16))(svelte@4.2.19)(vite@5.4.16))
      '@sveltejs/kit':
        specifier: ^2.20.3
        version: 2.20.3(@sveltejs/vite-plugin-svelte@3.1.2(svelte@4.2.19)(vite@5.4.16))(svelte@4.2.19)(vite@5.4.16)
      '@sveltejs/vite-plugin-svelte':
        specifier: ^3.1.2
        version: 3.1.2(svelte@4.2.19)(vite@5.4.16)
      svelte:
        specifier: ^4.2.19
        version: 4.2.19
      vite:
        specifier: ^5.4.16
        version: 5.4.16

packages:

  '@ampproject/remapping@2.2.1':
    resolution: {integrity: sha512-lFMjJTrFL3j7L9yBxwYfCq2k6qqwHyzuUl/XBnif78PWTJYyL/dfowQHWE3sp6U6ZzqWiiIZnpTMO96zhkjwtg==}
    engines: {node: '>=6.0.0'}

  '@esbuild/aix-ppc64@0.25.2':
    resolution: {integrity: sha512-wCIboOL2yXZym2cgm6mlA742s9QeJ8DjGVaL39dLN4rRwrOgOyYSnOaFPhKZGLb2ngj4EyfAFjsNJwPXZvseag==}
    engines: {node: '>=18'}
    cpu: [ppc64]
    os: [aix]

  '@esbuild/android-arm64@0.25.2':
    resolution: {integrity: sha512-5ZAX5xOmTligeBaeNEPnPaeEuah53Id2tX4c2CVP3JaROTH+j4fnfHCkr1PjXMd78hMst+TlkfKcW/DlTq0i4w==}
    engines: {node: '>=18'}
    cpu: [arm64]
    os: [android]

  '@esbuild/android-arm@0.25.2':
    resolution: {integrity: sha512-NQhH7jFstVY5x8CKbcfa166GoV0EFkaPkCKBQkdPJFvo5u+nGXLEH/ooniLb3QI8Fk58YAx7nsPLozUWfCBOJA==}
    engines: {node: '>=18'}
    cpu: [arm]
    os: [android]

  '@esbuild/android-x64@0.25.2':
    resolution: {integrity: sha512-Ffcx+nnma8Sge4jzddPHCZVRvIfQ0kMsUsCMcJRHkGJ1cDmhe4SsrYIjLUKn1xpHZybmOqCWwB0zQvsjdEHtkg==}
    engines: {node: '>=18'}
    cpu: [x64]
    os: [android]

  '@esbuild/darwin-arm64@0.25.2':
    resolution: {integrity: sha512-MpM6LUVTXAzOvN4KbjzU/q5smzryuoNjlriAIx+06RpecwCkL9JpenNzpKd2YMzLJFOdPqBpuub6eVRP5IgiSA==}
    engines: {node: '>=18'}
    cpu: [arm64]
    os: [darwin]

  '@esbuild/darwin-x64@0.25.2':
    resolution: {integrity: sha512-5eRPrTX7wFyuWe8FqEFPG2cU0+butQQVNcT4sVipqjLYQjjh8a8+vUTfgBKM88ObB85ahsnTwF7PSIt6PG+QkA==}
    engines: {node: '>=18'}
    cpu: [x64]
    os: [darwin]

  '@esbuild/freebsd-arm64@0.25.2':
    resolution: {integrity: sha512-mLwm4vXKiQ2UTSX4+ImyiPdiHjiZhIaE9QvC7sw0tZ6HoNMjYAqQpGyui5VRIi5sGd+uWq940gdCbY3VLvsO1w==}
    engines: {node: '>=18'}
    cpu: [arm64]
    os: [freebsd]

  '@esbuild/freebsd-x64@0.25.2':
    resolution: {integrity: sha512-6qyyn6TjayJSwGpm8J9QYYGQcRgc90nmfdUb0O7pp1s4lTY+9D0H9O02v5JqGApUyiHOtkz6+1hZNvNtEhbwRQ==}
    engines: {node: '>=18'}
    cpu: [x64]
    os: [freebsd]

  '@esbuild/linux-arm64@0.25.2':
    resolution: {integrity: sha512-gq/sjLsOyMT19I8obBISvhoYiZIAaGF8JpeXu1u8yPv8BE5HlWYobmlsfijFIZ9hIVGYkbdFhEqC0NvM4kNO0g==}
    engines: {node: '>=18'}
    cpu: [arm64]
    os: [linux]

  '@esbuild/linux-arm@0.25.2':
    resolution: {integrity: sha512-UHBRgJcmjJv5oeQF8EpTRZs/1knq6loLxTsjc3nxO9eXAPDLcWW55flrMVc97qFPbmZP31ta1AZVUKQzKTzb0g==}
    engines: {node: '>=18'}
    cpu: [arm]
    os: [linux]

  '@esbuild/linux-ia32@0.25.2':
    resolution: {integrity: sha512-bBYCv9obgW2cBP+2ZWfjYTU+f5cxRoGGQ5SeDbYdFCAZpYWrfjjfYwvUpP8MlKbP0nwZ5gyOU/0aUzZ5HWPuvQ==}
    engines: {node: '>=18'}
    cpu: [ia32]
    os: [linux]

  '@esbuild/linux-loong64@0.25.2':
    resolution: {integrity: sha512-SHNGiKtvnU2dBlM5D8CXRFdd+6etgZ9dXfaPCeJtz+37PIUlixvlIhI23L5khKXs3DIzAn9V8v+qb1TRKrgT5w==}
    engines: {node: '>=18'}
    cpu: [loong64]
    os: [linux]

  '@esbuild/linux-mips64el@0.25.2':
    resolution: {integrity: sha512-hDDRlzE6rPeoj+5fsADqdUZl1OzqDYow4TB4Y/3PlKBD0ph1e6uPHzIQcv2Z65u2K0kpeByIyAjCmjn1hJgG0Q==}
    engines: {node: '>=18'}
    cpu: [mips64el]
    os: [linux]

  '@esbuild/linux-ppc64@0.25.2':
    resolution: {integrity: sha512-tsHu2RRSWzipmUi9UBDEzc0nLc4HtpZEI5Ba+Omms5456x5WaNuiG3u7xh5AO6sipnJ9r4cRWQB2tUjPyIkc6g==}
    engines: {node: '>=18'}
    cpu: [ppc64]
    os: [linux]

  '@esbuild/linux-riscv64@0.25.2':
    resolution: {integrity: sha512-k4LtpgV7NJQOml/10uPU0s4SAXGnowi5qBSjaLWMojNCUICNu7TshqHLAEbkBdAszL5TabfvQ48kK84hyFzjnw==}
    engines: {node: '>=18'}
    cpu: [riscv64]
    os: [linux]

  '@esbuild/linux-s390x@0.25.2':
    resolution: {integrity: sha512-GRa4IshOdvKY7M/rDpRR3gkiTNp34M0eLTaC1a08gNrh4u488aPhuZOCpkF6+2wl3zAN7L7XIpOFBhnaE3/Q8Q==}
    engines: {node: '>=18'}
    cpu: [s390x]
    os: [linux]

  '@esbuild/linux-x64@0.25.2':
    resolution: {integrity: sha512-QInHERlqpTTZ4FRB0fROQWXcYRD64lAoiegezDunLpalZMjcUcld3YzZmVJ2H/Cp0wJRZ8Xtjtj0cEHhYc/uUg==}
    engines: {node: '>=18'}
    cpu: [x64]
    os: [linux]

  '@esbuild/netbsd-arm64@0.25.2':
    resolution: {integrity: sha512-talAIBoY5M8vHc6EeI2WW9d/CkiO9MQJ0IOWX8hrLhxGbro/vBXJvaQXefW2cP0z0nQVTdQ/eNyGFV1GSKrxfw==}
    engines: {node: '>=18'}
    cpu: [arm64]
    os: [netbsd]

  '@esbuild/netbsd-x64@0.25.2':
    resolution: {integrity: sha512-voZT9Z+tpOxrvfKFyfDYPc4DO4rk06qamv1a/fkuzHpiVBMOhpjK+vBmWM8J1eiB3OLSMFYNaOaBNLXGChf5tg==}
    engines: {node: '>=18'}
    cpu: [x64]
    os: [netbsd]

  '@esbuild/openbsd-arm64@0.25.2':
    resolution: {integrity: sha512-dcXYOC6NXOqcykeDlwId9kB6OkPUxOEqU+rkrYVqJbK2hagWOMrsTGsMr8+rW02M+d5Op5NNlgMmjzecaRf7Tg==}
    engines: {node: '>=18'}
    cpu: [arm64]
    os: [openbsd]

  '@esbuild/openbsd-x64@0.25.2':
    resolution: {integrity: sha512-t/TkWwahkH0Tsgoq1Ju7QfgGhArkGLkF1uYz8nQS/PPFlXbP5YgRpqQR3ARRiC2iXoLTWFxc6DJMSK10dVXluw==}
    engines: {node: '>=18'}
    cpu: [x64]
    os: [openbsd]

  '@esbuild/sunos-x64@0.25.2':
    resolution: {integrity: sha512-cfZH1co2+imVdWCjd+D1gf9NjkchVhhdpgb1q5y6Hcv9TP6Zi9ZG/beI3ig8TvwT9lH9dlxLq5MQBBgwuj4xvA==}
    engines: {node: '>=18'}
    cpu: [x64]
    os: [sunos]

  '@esbuild/win32-arm64@0.25.2':
    resolution: {integrity: sha512-7Loyjh+D/Nx/sOTzV8vfbB3GJuHdOQyrOryFdZvPHLf42Tk9ivBU5Aedi7iyX+x6rbn2Mh68T4qq1SDqJBQO5Q==}
    engines: {node: '>=18'}
    cpu: [arm64]
    os: [win32]

  '@esbuild/win32-ia32@0.25.2':
    resolution: {integrity: sha512-WRJgsz9un0nqZJ4MfhabxaD9Ft8KioqU3JMinOTvobbX6MOSUigSBlogP8QB3uxpJDsFS6yN+3FDBdqE5lg9kg==}
    engines: {node: '>=18'}
    cpu: [ia32]
    os: [win32]

  '@esbuild/win32-x64@0.25.2':
    resolution: {integrity: sha512-kM3HKb16VIXZyIeVrM1ygYmZBKybX8N4p754bw390wGO3Tf2j4L2/WYL+4suWujpgf6GBYs3jv7TyUivdd05JA==}
    engines: {node: '>=18'}
    cpu: [x64]
    os: [win32]

  '@jridgewell/gen-mapping@0.3.3':
    resolution: {integrity: sha512-HLhSWOLRi875zjjMG/r+Nv0oCW8umGb0BgEhyX3dDX3egwZtB8PqLnjz3yedt8R5StBrzcg4aBpnh8UA9D1BoQ==}
    engines: {node: '>=6.0.0'}

  '@jridgewell/resolve-uri@3.1.1':
    resolution: {integrity: sha512-dSYZh7HhCDtCKm4QakX0xFpsRDqjjtZf/kjI/v3T3Nwt5r8/qz/M19F9ySyOqU94SXBmeG9ttTul+YnR4LOxFA==}
    engines: {node: '>=6.0.0'}

  '@jridgewell/set-array@1.1.2':
    resolution: {integrity: sha512-xnkseuNADM0gt2bs+BvhO0p78Mk762YnZdsuzFV018NoG1Sj1SCQvpSqa7XUaTam5vAGasABV9qXASMKnFMwMw==}
    engines: {node: '>=6.0.0'}

  '@jridgewell/sourcemap-codec@1.4.15':
    resolution: {integrity: sha512-eF2rxCRulEKXHTRiDrDy6erMYWqNw4LPdQ8UQA4huuxaQsVeRPFl2oM8oDGxMFhJUWZf9McpLtJasDDZb/Bpeg==}

  '@jridgewell/sourcemap-codec@1.5.0':
    resolution: {integrity: sha512-gv3ZRaISU3fjPAgNsriBRqGWQL6quFx04YMPW/zD8XMLsU32mhCCbfbO6KZFLjvYpCZ8zyDEgqsgf+PwPaM7GQ==}

  '@jridgewell/trace-mapping@0.3.22':
    resolution: {integrity: sha512-Wf963MzWtA2sjrNt+g18IAln9lKnlRp+K2eH4jjIoF1wYeq3aMREpG09xhlhdzS0EjwU7qmUJYangWa+151vZw==}

  '@polka/url@1.0.0-next.28':
    resolution: {integrity: sha512-8LduaNlMZGwdZ6qWrKlfa+2M4gahzFkprZiAt2TF8uS0qQgBizKXpXURqvTJ4WtmupWxaLqjRb2UCTe72mu+Aw==}

  '@rollup/rollup-android-arm-eabi@4.39.0':
    resolution: {integrity: sha512-lGVys55Qb00Wvh8DMAocp5kIcaNzEFTmGhfFd88LfaogYTRKrdxgtlO5H6S49v2Nd8R2C6wLOal0qv6/kCkOwA==}
    cpu: [arm]
    os: [android]

  '@rollup/rollup-android-arm64@4.39.0':
    resolution: {integrity: sha512-It9+M1zE31KWfqh/0cJLrrsCPiF72PoJjIChLX+rEcujVRCb4NLQ5QzFkzIZW8Kn8FTbvGQBY5TkKBau3S8cCQ==}
    cpu: [arm64]
    os: [android]

  '@rollup/rollup-darwin-arm64@4.39.0':
    resolution: {integrity: sha512-lXQnhpFDOKDXiGxsU9/l8UEGGM65comrQuZ+lDcGUx+9YQ9dKpF3rSEGepyeR5AHZ0b5RgiligsBhWZfSSQh8Q==}
    cpu: [arm64]
    os: [darwin]

  '@rollup/rollup-darwin-x64@4.39.0':
    resolution: {integrity: sha512-mKXpNZLvtEbgu6WCkNij7CGycdw9cJi2k9v0noMb++Vab12GZjFgUXD69ilAbBh034Zwn95c2PNSz9xM7KYEAQ==}
    cpu: [x64]
    os: [darwin]

  '@rollup/rollup-freebsd-arm64@4.39.0':
    resolution: {integrity: sha512-jivRRlh2Lod/KvDZx2zUR+I4iBfHcu2V/BA2vasUtdtTN2Uk3jfcZczLa81ESHZHPHy4ih3T/W5rPFZ/hX7RtQ==}
    cpu: [arm64]
    os: [freebsd]

  '@rollup/rollup-freebsd-x64@4.39.0':
    resolution: {integrity: sha512-8RXIWvYIRK9nO+bhVz8DwLBepcptw633gv/QT4015CpJ0Ht8punmoHU/DuEd3iw9Hr8UwUV+t+VNNuZIWYeY7Q==}
    cpu: [x64]
    os: [freebsd]

  '@rollup/rollup-linux-arm-gnueabihf@4.39.0':
    resolution: {integrity: sha512-mz5POx5Zu58f2xAG5RaRRhp3IZDK7zXGk5sdEDj4o96HeaXhlUwmLFzNlc4hCQi5sGdR12VDgEUqVSHer0lI9g==}
    cpu: [arm]
    os: [linux]

  '@rollup/rollup-linux-arm-musleabihf@4.39.0':
    resolution: {integrity: sha512-+YDwhM6gUAyakl0CD+bMFpdmwIoRDzZYaTWV3SDRBGkMU/VpIBYXXEvkEcTagw/7VVkL2vA29zU4UVy1mP0/Yw==}
    cpu: [arm]
    os: [linux]

  '@rollup/rollup-linux-arm64-gnu@4.39.0':
    resolution: {integrity: sha512-EKf7iF7aK36eEChvlgxGnk7pdJfzfQbNvGV/+l98iiMwU23MwvmV0Ty3pJ0p5WQfm3JRHOytSIqD9LB7Bq7xdQ==}
    cpu: [arm64]
    os: [linux]

  '@rollup/rollup-linux-arm64-musl@4.39.0':
    resolution: {integrity: sha512-vYanR6MtqC7Z2SNr8gzVnzUul09Wi1kZqJaek3KcIlI/wq5Xtq4ZPIZ0Mr/st/sv/NnaPwy/D4yXg5x0B3aUUA==}
    cpu: [arm64]
    os: [linux]

  '@rollup/rollup-linux-loongarch64-gnu@4.39.0':
    resolution: {integrity: sha512-NMRUT40+h0FBa5fb+cpxtZoGAggRem16ocVKIv5gDB5uLDgBIwrIsXlGqYbLwW8YyO3WVTk1FkFDjMETYlDqiw==}
    cpu: [loong64]
    os: [linux]

  '@rollup/rollup-linux-powerpc64le-gnu@4.39.0':
    resolution: {integrity: sha512-0pCNnmxgduJ3YRt+D+kJ6Ai/r+TaePu9ZLENl+ZDV/CdVczXl95CbIiwwswu4L+K7uOIGf6tMo2vm8uadRaICQ==}
    cpu: [ppc64]
    os: [linux]

  '@rollup/rollup-linux-riscv64-gnu@4.39.0':
    resolution: {integrity: sha512-t7j5Zhr7S4bBtksT73bO6c3Qa2AV/HqiGlj9+KB3gNF5upcVkx+HLgxTm8DK4OkzsOYqbdqbLKwvGMhylJCPhQ==}
    cpu: [riscv64]
    os: [linux]

  '@rollup/rollup-linux-riscv64-musl@4.39.0':
    resolution: {integrity: sha512-m6cwI86IvQ7M93MQ2RF5SP8tUjD39Y7rjb1qjHgYh28uAPVU8+k/xYWvxRO3/tBN2pZkSMa5RjnPuUIbrwVxeA==}
    cpu: [riscv64]
    os: [linux]

  '@rollup/rollup-linux-s390x-gnu@4.39.0':
    resolution: {integrity: sha512-iRDJd2ebMunnk2rsSBYlsptCyuINvxUfGwOUldjv5M4tpa93K8tFMeYGpNk2+Nxl+OBJnBzy2/JCscGeO507kA==}
    cpu: [s390x]
    os: [linux]

  '@rollup/rollup-linux-x64-gnu@4.39.0':
    resolution: {integrity: sha512-t9jqYw27R6Lx0XKfEFe5vUeEJ5pF3SGIM6gTfONSMb7DuG6z6wfj2yjcoZxHg129veTqU7+wOhY6GX8wmf90dA==}
    cpu: [x64]
    os: [linux]

  '@rollup/rollup-linux-x64-musl@4.39.0':
    resolution: {integrity: sha512-ThFdkrFDP55AIsIZDKSBWEt/JcWlCzydbZHinZ0F/r1h83qbGeenCt/G/wG2O0reuENDD2tawfAj2s8VK7Bugg==}
    cpu: [x64]
    os: [linux]

  '@rollup/rollup-win32-arm64-msvc@4.39.0':
    resolution: {integrity: sha512-jDrLm6yUtbOg2TYB3sBF3acUnAwsIksEYjLeHL+TJv9jg+TmTwdyjnDex27jqEMakNKf3RwwPahDIt7QXCSqRQ==}
    cpu: [arm64]
    os: [win32]

  '@rollup/rollup-win32-ia32-msvc@4.39.0':
    resolution: {integrity: sha512-6w9uMuza+LbLCVoNKL5FSLE7yvYkq9laSd09bwS0tMjkwXrmib/4KmoJcrKhLWHvw19mwU+33ndC69T7weNNjQ==}
    cpu: [ia32]
    os: [win32]

  '@rollup/rollup-win32-x64-msvc@4.39.0':
    resolution: {integrity: sha512-yAkUOkIKZlK5dl7u6dg897doBgLXmUHhIINM2c+sND3DZwnrdQkkSiDh7N75Ll4mM4dxSkYfXqU9fW3lLkMFug==}
    cpu: [x64]
    os: [win32]

  '@sveltejs/adapter-static@3.0.8':
    resolution: {integrity: sha512-YaDrquRpZwfcXbnlDsSrBQNCChVOT9MGuSg+dMAyfsAa1SmiAhrA5jUYUiIMC59G92kIbY/AaQOWcBdq+lh+zg==}
    peerDependencies:
      '@sveltejs/kit': ^2.0.0

  '@sveltejs/kit@2.20.3':
    resolution: {integrity: sha512-z1SQ8qra/kGY3DzarG7xc6XsbKm8UY3SnI82XLI3PqMYWbYj/LpjPWuAz9WA5EyLjFNLD7sOAOEW8Gt4yjr5Vg==}
    engines: {node: '>=18.13'}
    hasBin: true
    peerDependencies:
      '@sveltejs/vite-plugin-svelte': ^3.0.0 || ^4.0.0-next.1 || ^5.0.0
      svelte: ^4.0.0 || ^5.0.0-next.0
      vite: ^5.0.3 || ^6.0.0

  '@sveltejs/vite-plugin-svelte-inspector@2.1.0':
    resolution: {integrity: sha512-9QX28IymvBlSCqsCll5t0kQVxipsfhFFL+L2t3nTWfXnddYwxBuAEtTtlaVQpRz9c37BhJjltSeY4AJSC03SSg==}
    engines: {node: ^18.0.0 || >=20}
    peerDependencies:
      '@sveltejs/vite-plugin-svelte': ^3.0.0
      svelte: ^4.0.0 || ^5.0.0-next.0
      vite: ^5.0.0

  '@sveltejs/vite-plugin-svelte@3.1.2':
    resolution: {integrity: sha512-Txsm1tJvtiYeLUVRNqxZGKR/mI+CzuIQuc2gn+YCs9rMTowpNZ2Nqt53JdL8KF9bLhAf2ruR/dr9eZCwdTriRA==}
    engines: {node: ^18.0.0 || >=20}
    peerDependencies:
      svelte: ^4.0.0 || ^5.0.0-next.0
      vite: ^5.0.0

  '@types/cookie@0.6.0':
    resolution: {integrity: sha512-4Kh9a6B2bQciAhf7FSuMRRkUWecJgJu9nPnx3yzpsfXX/c50REIqpHY4C82bXP90qrLtXtkDxTZosYO3UpOwlA==}

  '@types/estree@1.0.5':
    resolution: {integrity: sha512-/kYRxGDLWzHOB7q+wtSUQlFrtcdUccpfy+X+9iMBpHK8QLLhx2wIPYuS5DYtR9Wa/YlZAbIovy7qVdB1Aq6Lyw==}

  '@types/estree@1.0.6':
    resolution: {integrity: sha512-AYnb1nQyY49te+VRAVgmzfcgjYS91mY5P0TKUDCLEM+gNnA+3T6rWITXRLYCpahpqSQbN5cE+gHpnPyXjHWxcw==}

  '@types/estree@1.0.7':
    resolution: {integrity: sha512-w28IoSUCJpidD/TGviZwwMJckNESJZXFu7NBZ5YJ4mEUnNraUn9Pm8HSZm/jDF1pDWYKspWE7oVphigUPRakIQ==}

  acorn@8.11.3:
    resolution: {integrity: sha512-Y9rRfJG5jcKOE0CLisYbojUjIrIEE7AGMzA/Sm4BslANhbS+cDMpgBdcPT91oJ7OuJ9hYJBx59RjbhxVnrF8Xg==}
    engines: {node: '>=0.4.0'}
    hasBin: true

  aria-query@5.3.0:
    resolution: {integrity: sha512-b0P0sZPKtyu8HkeRAfCq0IfURZK+SuwMjY1UXGBU27wpAiTwQAIlq56IbIO+ytk/JjS1fMR14ee5WBBfKi5J6A==}

  axobject-query@4.0.0:
    resolution: {integrity: sha512-+60uv1hiVFhHZeO+Lz0RYzsVHy5Wr1ayX0mwda9KPDVLNJgZ1T9Ny7VmFbLDzxsH0D87I86vgj3gFrjTJUYznw==}

  code-red@1.0.4:
    resolution: {integrity: sha512-7qJWqItLA8/VPVlKJlFXU+NBlo/qyfs39aJcuMT/2ere32ZqvF5OSxgdM5xOfJJ7O429gg2HM47y8v9P+9wrNw==}

  cookie@0.7.2:
    resolution: {integrity: sha512-yki5XnKuf750l50uGTllt6kKILY4nQ1eNIQatoXEByZ5dWgnKqbnqmTrBE5B4N7lrMJKQ2ytWMiTO2o0v6Ew/w==}
    engines: {node: '>= 0.6'}

  css-tree@2.3.1:
    resolution: {integrity: sha512-6Fv1DV/TYw//QF5IzQdqsNDjx/wc8TrMBZsqjL9eW01tWb7R7k/mq+/VXfJCl7SoD5emsJop9cOByJZfs8hYIw==}
    engines: {node: ^10 || ^12.20.0 || ^14.13.0 || >=15.0.0}

  debug@4.3.4:
    resolution: {integrity: sha512-PRWFHuSU3eDtQJPvnNY7Jcket1j0t5OuOsFzPPzsekD52Zl8qUfFIPEiswXqIvHWGVHOgX+7G/vCNNhehwxfkQ==}
    engines: {node: '>=6.0'}
    peerDependencies:
      supports-color: '*'
    peerDependenciesMeta:
      supports-color:
        optional: true

  deepmerge@4.3.1:
    resolution: {integrity: sha512-3sUqbMEc77XqpdNO7FRyRog+eW3ph+GYCbj+rK+uYyRMuwsVy0rMiVtPn+QJlKFvWP/1PYpapqYn0Me2knFn+A==}
    engines: {node: '>=0.10.0'}

  dequal@2.0.3:
    resolution: {integrity: sha512-0je+qPKHEMohvfRTCEo3CrPG6cAzAYgmzKyxRiYSSDkS6eGJdyVJm7WaYA5ECaAD9wLB2T4EEeymA5aFVcYXCA==}
    engines: {node: '>=6'}

  devalue@5.1.1:
    resolution: {integrity: sha512-maua5KUiapvEwiEAe+XnlZ3Rh0GD+qI1J/nb9vrJc3muPXvcF/8gXYTWF76+5DAqHyDUtOIImEuo0YKE9mshVw==}

  esbuild@0.25.2:
    resolution: {integrity: sha512-16854zccKPnC+toMywC+uKNeYSv+/eXkevRAfwRD/G9Cleq66m8XFIrigkbvauLLlCfDL45Q2cWegSg53gGBnQ==}
    engines: {node: '>=18'}
    hasBin: true

  esm-env@1.2.2:
    resolution: {integrity: sha512-Epxrv+Nr/CaL4ZcFGPJIYLWFom+YeV1DqMLHJoEd9SYRxNbaFruBwfEX/kkHUJf55j2+TUbmDcmuilbP1TmXHA==}

  estree-walker@3.0.3:
    resolution: {integrity: sha512-7RUKfXgSMMkzt6ZuXmqapOurLGPPfgj6l9uRZ7lRGolvk0y2yocc35LdcxKC5PQZdn2DMqioAQ2NoWcrTKmm6g==}

  fsevents@2.3.3:
    resolution: {integrity: sha512-5xoDfX+fL7faATnagmWPpbFtwh/R77WmMMqqHGS65C3vvB0YHrgF+B1YmZ3441tMj5n63k0212XNoJwzlhffQw==}
    engines: {node: ^8.16.0 || ^10.6.0 || >=11.0.0}
    os: [darwin]

  import-meta-resolve@4.1.0:
    resolution: {integrity: sha512-I6fiaX09Xivtk+THaMfAwnA3MVA5Big1WHF1Dfx9hFuvNIWpXnorlkzhcQf6ehrqQiiZECRt1poOAkPmer3ruw==}

  is-reference@3.0.2:
    resolution: {integrity: sha512-v3rht/LgVcsdZa3O2Nqs+NMowLOxeOm7Ay9+/ARQ2F+qEoANRcqrjAZKGN0v8ymUetZGgkp26LTnGT7H0Qo9Pg==}

  kleur@4.1.5:
    resolution: {integrity: sha512-o+NO+8WrRiQEE4/7nwRJhN1HWpVmJm511pBHUxPLtp0BUISzlBplORYSmTclCnJvQq2tKu/sgl3xVpkc7ZWuQQ==}
    engines: {node: '>=6'}

  locate-character@3.0.0:
    resolution: {integrity: sha512-SW13ws7BjaeJ6p7Q6CO2nchbYEc3X3J6WrmTTDto7yMPqVSZTUyY5Tjbid+Ab8gLnATtygYtiDIJGQRRn2ZOiA==}

  magic-string@0.30.10:
    resolution: {integrity: sha512-iIRwTIf0QKV3UAnYK4PU8uiEc4SRh5jX0mwpIwETPpHdhVM4f53RSwS/vXvN1JhGX+Cs7B8qIq3d6AH49O5fAQ==}

  magic-string@0.30.17:
    resolution: {integrity: sha512-sNPKHvyjVf7gyjwS4xGTaW/mCnF8wnjtifKBEhxfZ7E/S8tQ0rssrwGNn6q8JH/ohItJfSQp9mBtQYuTlH5QnA==}

  mdn-data@2.0.30:
    resolution: {integrity: sha512-GaqWWShW4kv/G9IEucWScBx9G1/vsFZZJUO+tD26M8J8z3Kw5RDQjaoZe03YAClgeS/SWPOcb4nkFBTEi5DUEA==}

  mri@1.2.0:
    resolution: {integrity: sha512-tzzskb3bG8LvYGFF/mDTpq3jpI6Q9wc3LEmBaghu+DdCssd1FakN7Bc0hVNmEyGq1bq3RgfkCb3cmQLpNPOroA==}
    engines: {node: '>=4'}

  mrmime@2.0.1:
    resolution: {integrity: sha512-Y3wQdFg2Va6etvQ5I82yUhGdsKrcYox6p7FfL1LbK2J4V01F9TGlepTIhnK24t7koZibmg82KGglhA1XK5IsLQ==}
    engines: {node: '>=10'}

  ms@2.1.2:
    resolution: {integrity: sha512-sGkPx+VjMtmA6MX27oA4FBFELFCZZ4S4XqeGOXCv68tT+jb3vk/RyaKWP0PTKyWtmLSM0b+adUTEvbs1PEaH2w==}

  nanoid@3.3.11:
    resolution: {integrity: sha512-N8SpfPUnUp1bK+PMYW8qSWdl9U+wwNWI4QKxOYDy9JAro3WMX7p2OeVRF9v+347pnakNevPmiHhNmZ2HbFA76w==}
    engines: {node: ^10 || ^12 || ^13.7 || ^14 || >=15.0.1}
    hasBin: true

  periscopic@3.1.0:
    resolution: {integrity: sha512-vKiQ8RRtkl9P+r/+oefh25C3fhybptkHKCZSPlcXiJux2tJF55GnEj3BVn4A5gKfq9NWWXXrxkHBwVPUfH0opw==}

  picocolors@1.1.1:
    resolution: {integrity: sha512-xceH2snhtb5M9liqDsmEw56le376mTZkEX/jEb/RxNFyegNul7eNslCXP9FDj/Lcu0X8KEyMceP2ntpaHrDEVA==}

  postcss@8.5.3:
    resolution: {integrity: sha512-dle9A3yYxlBSrt8Fu+IpjGT8SY8hN0mlaA6GY8t0P5PjIOZemULz/E2Bnm/2dcUOena75OTNkHI76uZBNUUq3A==}
    engines: {node: ^10 || ^12 || >=14}

  rollup@4.39.0:
    resolution: {integrity: sha512-thI8kNc02yNvnmJp8dr3fNWJ9tCONDhp6TV35X6HkKGGs9E6q7YWCHbe5vKiTa7TAiNcFEmXKj3X/pG2b3ci0g==}
    engines: {node: '>=18.0.0', npm: '>=8.0.0'}
    hasBin: true

  sade@1.8.1:
    resolution: {integrity: sha512-xal3CZX1Xlo/k4ApwCFrHVACi9fBqJ7V+mwhBsuf/1IOKbBy098Fex+Wa/5QMubw09pSZ/u8EY8PWgevJsXp1A==}
    engines: {node: '>=6'}

  set-cookie-parser@2.7.1:
    resolution: {integrity: sha512-IOc8uWeOZgnb3ptbCURJWNjWUPcO3ZnTTdzsurqERrP6nPyv+paC55vJM0LpOlT2ne+Ix+9+CRG1MNLlyZ4GjQ==}

  sirv@3.0.1:
    resolution: {integrity: sha512-FoqMu0NCGBLCcAkS1qA+XJIQTR6/JHfQXl+uGteNCQ76T91DMUjPa9xfmeqMY3z80nLSg9yQmNjK0Px6RWsH/A==}
    engines: {node: '>=18'}

  source-map-js@1.2.0:
    resolution: {integrity: sha512-itJW8lvSA0TXEphiRoawsCksnlf8SyvmFzIhltqAHluXd88pkCd+cXJVHTDwdCr0IzwptSm035IHQktUu1QUMg==}
    engines: {node: '>=0.10.0'}

  source-map-js@1.2.1:
    resolution: {integrity: sha512-UXWMKhLOwVKb728IUtQPXxfYU+usdybtUrK/8uGE8CQMvrhOpwvzDBwj0QhSL7MQc7vIsISBG8VQ8+IDQxpfQA==}
    engines: {node: '>=0.10.0'}

  svelte-hmr@0.16.0:
    resolution: {integrity: sha512-Gyc7cOS3VJzLlfj7wKS0ZnzDVdv3Pn2IuVeJPk9m2skfhcu5bq3wtIZyQGggr7/Iim5rH5cncyQft/kRLupcnA==}
    engines: {node: ^12.20 || ^14.13.1 || >= 16}
    peerDependencies:
      svelte: ^3.19.0 || ^4.0.0

  svelte@4.2.19:
    resolution: {integrity: sha512-IY1rnGr6izd10B0A8LqsBfmlT5OILVuZ7XsI0vdGPEvuonFV7NYEUK4dAkm9Zg2q0Um92kYjTpS1CAP3Nh/KWw==}
    engines: {node: '>=16'}

  totalist@3.0.1:
    resolution: {integrity: sha512-sf4i37nQ2LBx4m3wB74y+ubopq6W/dIzXg0FDGjsYnZHVa1Da8FH853wlL2gtUhg+xJXjfk3kUZS3BRoQeoQBQ==}
    engines: {node: '>=6'}

  vite@5.4.16:
    resolution: {integrity: sha512-Y5gnfp4NemVfgOTDQAunSD4346fal44L9mszGGY/e+qxsRT5y1sMlS/8tiQ8AFAp+MFgYNSINdfEchJiPm41vQ==}
    engines: {node: ^18.0.0 || >=20.0.0}
    hasBin: true
    peerDependencies:
      '@types/node': ^18.0.0 || >=20.0.0
      less: '*'
      lightningcss: ^1.21.0
      sass: '*'
      sass-embedded: '*'
      stylus: '*'
      sugarss: '*'
      terser: ^5.4.0
    peerDependenciesMeta:
      '@types/node':
        optional: true
      less:
        optional: true
      lightningcss:
        optional: true
      sass:
        optional: true
      sass-embedded:
        optional: true
      stylus:
        optional: true
      sugarss:
        optional: true
      terser:
        optional: true

  vitefu@0.2.5:
    resolution: {integrity: sha512-SgHtMLoqaeeGnd2evZ849ZbACbnwQCIwRH57t18FxcXoZop0uQu0uzlIhJBlF/eWVzuce0sHeqPcDo+evVcg8Q==}
    peerDependencies:
      vite: ^3.0.0 || ^4.0.0 || ^5.0.0
    peerDependenciesMeta:
      vite:
        optional: true

snapshots:

  '@ampproject/remapping@2.2.1':
    dependencies:
      '@jridgewell/gen-mapping': 0.3.3
      '@jridgewell/trace-mapping': 0.3.22

  '@esbuild/aix-ppc64@0.25.2':
    optional: true

  '@esbuild/android-arm64@0.25.2':
    optional: true

  '@esbuild/android-arm@0.25.2':
    optional: true

  '@esbuild/android-x64@0.25.2':
    optional: true

  '@esbuild/darwin-arm64@0.25.2':
    optional: true

  '@esbuild/darwin-x64@0.25.2':
    optional: true

  '@esbuild/freebsd-arm64@0.25.2':
    optional: true

  '@esbuild/freebsd-x64@0.25.2':
    optional: true

  '@esbuild/linux-arm64@0.25.2':
    optional: true

  '@esbuild/linux-arm@0.25.2':
    optional: true

  '@esbuild/linux-ia32@0.25.2':
    optional: true

  '@esbuild/linux-loong64@0.25.2':
    optional: true

  '@esbuild/linux-mips64el@0.25.2':
    optional: true

  '@esbuild/linux-ppc64@0.25.2':
    optional: true

  '@esbuild/linux-riscv64@0.25.2':
    optional: true

  '@esbuild/linux-s390x@0.25.2':
    optional: true

  '@esbuild/linux-x64@0.25.2':
    optional: true

  '@esbuild/netbsd-arm64@0.25.2':
    optional: true

  '@esbuild/netbsd-x64@0.25.2':
    optional: true

  '@esbuild/openbsd-arm64@0.25.2':
    optional: true

  '@esbuild/openbsd-x64@0.25.2':
    optional: true

  '@esbuild/sunos-x64@0.25.2':
    optional: true

  '@esbuild/win32-arm64@0.25.2':
    optional: true

  '@esbuild/win32-ia32@0.25.2':
    optional: true

  '@esbuild/win32-x64@0.25.2':
    optional: true

  '@jridgewell/gen-mapping@0.3.3':
    dependencies:
      '@jridgewell/set-array': 1.1.2
      '@jridgewell/sourcemap-codec': 1.5.0
      '@jridgewell/trace-mapping': 0.3.22

  '@jridgewell/resolve-uri@3.1.1': {}

  '@jridgewell/set-array@1.1.2': {}

  '@jridgewell/sourcemap-codec@1.4.15': {}

  '@jridgewell/sourcemap-codec@1.5.0': {}

  '@jridgewell/trace-mapping@0.3.22':
    dependencies:
      '@jridgewell/resolve-uri': 3.1.1
      '@jridgewell/sourcemap-codec': 1.4.15

  '@polka/url@1.0.0-next.28': {}

  '@rollup/rollup-android-arm-eabi@4.39.0':
    optional: true

  '@rollup/rollup-android-arm64@4.39.0':
    optional: true

  '@rollup/rollup-darwin-arm64@4.39.0':
    optional: true

  '@rollup/rollup-darwin-x64@4.39.0':
    optional: true

  '@rollup/rollup-freebsd-arm64@4.39.0':
    optional: true

  '@rollup/rollup-freebsd-x64@4.39.0':
    optional: true

  '@rollup/rollup-linux-arm-gnueabihf@4.39.0':
    optional: true

  '@rollup/rollup-linux-arm-musleabihf@4.39.0':
    optional: true

  '@rollup/rollup-linux-arm64-gnu@4.39.0':
    optional: true

  '@rollup/rollup-linux-arm64-musl@4.39.0':
    optional: true

  '@rollup/rollup-linux-loongarch64-gnu@4.39.0':
    optional: true

  '@rollup/rollup-linux-powerpc64le-gnu@4.39.0':
    optional: true

  '@rollup/rollup-linux-riscv64-gnu@4.39.0':
    optional: true

  '@rollup/rollup-linux-riscv64-musl@4.39.0':
    optional: true

  '@rollup/rollup-linux-s390x-gnu@4.39.0':
    optional: true

  '@rollup/rollup-linux-x64-gnu@4.39.0':
    optional: true

  '@rollup/rollup-linux-x64-musl@4.39.0':
    optional: true

  '@rollup/rollup-win32-arm64-msvc@4.39.0':
    optional: true

  '@rollup/rollup-win32-ia32-msvc@4.39.0':
    optional: true

  '@rollup/rollup-win32-x64-msvc@4.39.0':
    optional: true

  '@sveltejs/adapter-static@3.0.8(@sveltejs/kit@2.20.3(@sveltejs/vite-plugin-svelte@3.1.2(svelte@4.2.19)(vite@5.4.16))(svelte@4.2.19)(vite@5.4.16))':
    dependencies:
      '@sveltejs/kit': 2.20.3(@sveltejs/vite-plugin-svelte@3.1.2(svelte@4.2.19)(vite@5.4.16))(svelte@4.2.19)(vite@5.4.16)

  '@sveltejs/kit@2.20.3(@sveltejs/vite-plugin-svelte@3.1.2(svelte@4.2.19)(vite@5.4.16))(svelte@4.2.19)(vite@5.4.16)':
    dependencies:
      '@sveltejs/vite-plugin-svelte': 3.1.2(svelte@4.2.19)(vite@5.4.16)
      '@types/cookie': 0.6.0
      cookie: 0.7.2
      devalue: 5.1.1
      esm-env: 1.2.2
      import-meta-resolve: 4.1.0
      kleur: 4.1.5
      magic-string: 0.30.17
      mrmime: 2.0.1
      sade: 1.8.1
      set-cookie-parser: 2.7.1
      sirv: 3.0.1
      svelte: 4.2.19
      vite: 5.4.16

  '@sveltejs/vite-plugin-svelte-inspector@2.1.0(@sveltejs/vite-plugin-svelte@3.1.2(svelte@4.2.19)(vite@5.4.16))(svelte@4.2.19)(vite@5.4.16)':
    dependencies:
      '@sveltejs/vite-plugin-svelte': 3.1.2(svelte@4.2.19)(vite@5.4.16)
      debug: 4.3.4
      svelte: 4.2.19
      vite: 5.4.16
    transitivePeerDependencies:
      - supports-color

  '@sveltejs/vite-plugin-svelte@3.1.2(svelte@4.2.19)(vite@5.4.16)':
    dependencies:
      '@sveltejs/vite-plugin-svelte-inspector': 2.1.0(@sveltejs/vite-plugin-svelte@3.1.2(svelte@4.2.19)(vite@5.4.16))(svelte@4.2.19)(vite@5.4.16)
      debug: 4.3.4
      deepmerge: 4.3.1
      kleur: 4.1.5
      magic-string: 0.30.10
      svelte: 4.2.19
      svelte-hmr: 0.16.0(svelte@4.2.19)
      vite: 5.4.16
      vitefu: 0.2.5(vite@5.4.16)
    transitivePeerDependencies:
      - supports-color

  '@types/cookie@0.6.0': {}

  '@types/estree@1.0.5': {}

  '@types/estree@1.0.6': {}

  '@types/estree@1.0.7': {}

  acorn@8.11.3: {}

  aria-query@5.3.0:
    dependencies:
      dequal: 2.0.3

  axobject-query@4.0.0:
    dependencies:
      dequal: 2.0.3

  code-red@1.0.4:
    dependencies:
      '@jridgewell/sourcemap-codec': 1.4.15
      '@types/estree': 1.0.6
      acorn: 8.11.3
      estree-walker: 3.0.3
      periscopic: 3.1.0

  cookie@0.7.2: {}

  css-tree@2.3.1:
    dependencies:
      mdn-data: 2.0.30
      source-map-js: 1.2.0

  debug@4.3.4:
    dependencies:
      ms: 2.1.2

  deepmerge@4.3.1: {}

  dequal@2.0.3: {}

  devalue@5.1.1: {}

  esbuild@0.25.2:
    optionalDependencies:
      '@esbuild/aix-ppc64': 0.25.2
      '@esbuild/android-arm': 0.25.2
      '@esbuild/android-arm64': 0.25.2
      '@esbuild/android-x64': 0.25.2
      '@esbuild/darwin-arm64': 0.25.2
      '@esbuild/darwin-x64': 0.25.2
      '@esbuild/freebsd-arm64': 0.25.2
      '@esbuild/freebsd-x64': 0.25.2
      '@esbuild/linux-arm': 0.25.2
      '@esbuild/linux-arm64': 0.25.2
      '@esbuild/linux-ia32': 0.25.2
      '@esbuild/linux-loong64': 0.25.2
      '@esbuild/linux-mips64el': 0.25.2
      '@esbuild/linux-ppc64': 0.25.2
      '@esbuild/linux-riscv64': 0.25.2
      '@esbuild/linux-s390x': 0.25.2
      '@esbuild/linux-x64': 0.25.2
      '@esbuild/netbsd-arm64': 0.25.2
      '@esbuild/netbsd-x64': 0.25.2
      '@esbuild/openbsd-arm64': 0.25.2
      '@esbuild/openbsd-x64': 0.25.2
      '@esbuild/sunos-x64': 0.25.2
      '@esbuild/win32-arm64': 0.25.2
      '@esbuild/win32-ia32': 0.25.2
      '@esbuild/win32-x64': 0.25.2

  esm-env@1.2.2: {}

  estree-walker@3.0.3:
    dependencies:
      '@types/estree': 1.0.6

  fsevents@2.3.3:
    optional: true

  import-meta-resolve@4.1.0: {}

  is-reference@3.0.2:
    dependencies:
      '@types/estree': 1.0.6

  kleur@4.1.5: {}

  locate-character@3.0.0: {}

  magic-string@0.30.10:
    dependencies:
      '@jridgewell/sourcemap-codec': 1.4.15

  magic-string@0.30.17:
    dependencies:
      '@jridgewell/sourcemap-codec': 1.5.0

  mdn-data@2.0.30: {}

  mri@1.2.0: {}

  mrmime@2.0.1: {}

  ms@2.1.2: {}

  nanoid@3.3.11: {}

  periscopic@3.1.0:
    dependencies:
      '@types/estree': 1.0.6
      estree-walker: 3.0.3
      is-reference: 3.0.2

  picocolors@1.1.1: {}

  postcss@8.5.3:
    dependencies:
      nanoid: 3.3.11
      picocolors: 1.1.1
      source-map-js: 1.2.1

  rollup@4.39.0:
    dependencies:
      '@types/estree': 1.0.7
    optionalDependencies:
      '@rollup/rollup-android-arm-eabi': 4.39.0
      '@rollup/rollup-android-arm64': 4.39.0
      '@rollup/rollup-darwin-arm64': 4.39.0
      '@rollup/rollup-darwin-x64': 4.39.0
      '@rollup/rollup-freebsd-arm64': 4.39.0
      '@rollup/rollup-freebsd-x64': 4.39.0
      '@rollup/rollup-linux-arm-gnueabihf': 4.39.0
      '@rollup/rollup-linux-arm-musleabihf': 4.39.0
      '@rollup/rollup-linux-arm64-gnu': 4.39.0
      '@rollup/rollup-linux-arm64-musl': 4.39.0
      '@rollup/rollup-linux-loongarch64-gnu': 4.39.0
      '@rollup/rollup-linux-powerpc64le-gnu': 4.39.0
      '@rollup/rollup-linux-riscv64-gnu': 4.39.0
      '@rollup/rollup-linux-riscv64-musl': 4.39.0
      '@rollup/rollup-linux-s390x-gnu': 4.39.0
      '@rollup/rollup-linux-x64-gnu': 4.39.0
      '@rollup/rollup-linux-x64-musl': 4.39.0
      '@rollup/rollup-win32-arm64-msvc': 4.39.0
      '@rollup/rollup-win32-ia32-msvc': 4.39.0
      '@rollup/rollup-win32-x64-msvc': 4.39.0
      fsevents: 2.3.3

  sade@1.8.1:
    dependencies:
      mri: 1.2.0

  set-cookie-parser@2.7.1: {}

  sirv@3.0.1:
    dependencies:
      '@polka/url': 1.0.0-next.28
      mrmime: 2.0.1
      totalist: 3.0.1

  source-map-js@1.2.0: {}

  source-map-js@1.2.1: {}

  svelte-hmr@0.16.0(svelte@4.2.19):
    dependencies:
      svelte: 4.2.19

  svelte@4.2.19:
    dependencies:
      '@ampproject/remapping': 2.2.1
      '@jridgewell/sourcemap-codec': 1.4.15
      '@jridgewell/trace-mapping': 0.3.22
      '@types/estree': 1.0.5
      acorn: 8.11.3
      aria-query: 5.3.0
      axobject-query: 4.0.0
      code-red: 1.0.4
      css-tree: 2.3.1
      estree-walker: 3.0.3
      is-reference: 3.0.2
      locate-character: 3.0.0
      magic-string: 0.30.10
      periscopic: 3.1.0

  totalist@3.0.1: {}

  vite@5.4.16:
    dependencies:
      esbuild: 0.25.2
      postcss: 8.5.3
      rollup: 4.39.0
    optionalDependencies:
      fsevents: 2.3.3

  vitefu@0.2.5(vite@5.4.16):
    optionalDependencies:
      vite: 5.4.16
